
Microsoft Visual Studio Solution File, Format Version 12.00
# Visual Studio Version 17
VisualStudioVersion = 17.0.31903.59
MinimumVisualStudioVersion = 10.0.40219.1
Project("{FAE04EC0-301F-11D3-BF4B-00C04F79EFBC}") = "ApiGateway", "ApiGateway\ApiGateway.csproj", "{ABE66B30-BD47-A7B2-B17B-5BA67959B026}"
EndProject
Project("{FAE04EC0-301F-11D3-BF4B-00C04F79EFBC}") = "AuthService", "AuthService\AuthService.csproj", "{6CDAB7B3-DE4F-6FF5-06F0-D824F083F1AF}"
EndProject
Project("{FAE04EC0-301F-11D3-BF4B-00C04F79EFBC}") = "BookingService", "BookingService\BookingService.csproj", "{18E92354-872E-B68C-468F-A497238BAD6D}"
EndProject
Project("{FAE04EC0-301F-11D3-BF4B-00C04F79EFBC}") = "FlightService", "FlightService\FlightService.csproj", "{4160044C-51CF-9B45-7549-87578843C2A9}"
EndProject
Project("{FAE04EC0-301F-11D3-BF4B-00C04F79EFBC}") = "NotificationService", "NotificationService\NotificationService.csproj", "{CF9FD0F0-B9C2-54C6-189B-77AA3D46F4C2}"
EndProject
Project("{FAE04EC0-301F-11D3-BF4B-00C04F79EFBC}") = "PaymentService", "PaymentService\PaymentService.csproj", "{7DDA886F-7022-E231-A5D2-8BDF0FBB44D6}"
EndProject
Global
	GlobalSection(SolutionConfigurationPlatforms) = preSolution
		Debug|Any CPU = Debug|Any CPU
		Release|Any CPU = Release|Any CPU
	EndGlobalSection
	GlobalSection(ProjectConfigurationPlatforms) = postSolution
		{ABE66B30-BD47-A7B2-B17B-5BA67959B026}.Debug|Any CPU.ActiveCfg = Debug|Any CPU
		{ABE66B30-BD47-A7B2-B17B-5BA67959B026}.Debug|Any CPU.Build.0 = Debug|Any CPU
		{ABE66B30-BD47-A7B2-B17B-5BA67959B026}.Release|Any CPU.ActiveCfg = Release|Any CPU
		{ABE66B30-BD47-A7B2-B17B-5BA67959B026}.Release|Any CPU.Build.0 = Release|Any CPU
		{6CDAB7B3-DE4F-6FF5-06F0-D824F083F1AF}.Debug|Any CPU.ActiveCfg = Debug|Any CPU
		{6CDAB7B3-DE4F-6FF5-06F0-D824F083F1AF}.Debug|Any CPU.Build.0 = Debug|Any CPU
		{6CDAB7B3-DE4F-6FF5-06F0-D824F083F1AF}.Release|Any CPU.ActiveCfg = Release|Any CPU
		{6CDAB7B3-DE4F-6FF5-06F0-D824F083F1AF}.Release|Any CPU.Build.0 = Release|Any CPU
		{18E92354-872E-B68C-468F-A497238BAD6D}.Debug|Any CPU.ActiveCfg = Debug|Any CPU
		{18E92354-872E-B68C-468F-A497238BAD6D}.Debug|Any CPU.Build.0 = Debug|Any CPU
		{18E92354-872E-B68C-468F-A497238BAD6D}.Release|Any CPU.ActiveCfg = Release|Any CPU
		{18E92354-872E-B68C-468F-A497238BAD6D}.Release|Any CPU.Build.0 = Release|Any CPU
		{4160044C-51CF-9B45-7549-87578843C2A9}.Debug|Any CPU.ActiveCfg = Debug|Any CPU
		{4160044C-51CF-9B45-7549-87578843C2A9}.Debug|Any CPU.Build.0 = Debug|Any CPU
		{4160044C-51CF-9B45-7549-87578843C2A9}.Release|Any CPU.ActiveCfg = Release|Any CPU
		{4160044C-51CF-9B45-7549-87578843C2A9}.Release|Any CPU.Build.0 = Release|Any CPU
		{CF9FD0F0-B9C2-54C6-189B-77AA3D46F4C2}.Debug|Any CPU.ActiveCfg = Debug|Any CPU
		{CF9FD0F0-B9C2-54C6-189B-77AA3D46F4C2}.Debug|Any CPU.Build.0 = Debug|Any CPU
		{CF9FD0F0-B9C2-54C6-189B-77AA3D46F4C2}.Release|Any CPU.ActiveCfg = Release|Any CPU
		{CF9FD0F0-B9C2-54C6-189B-77AA3D46F4C2}.Release|Any CPU.Build.0 = Release|Any CPU
		{7DDA886F-7022-E231-A5D2-8BDF0FBB44D6}.Debug|Any CPU.ActiveCfg = Debug|Any CPU
		{7DDA886F-7022-E231-A5D2-8BDF0FBB44D6}.Debug|Any CPU.Build.0 = Debug|Any CPU
		{7DDA886F-7022-E231-A5D2-8BDF0FBB44D6}.Release|Any CPU.ActiveCfg = Release|Any CPU
		{7DDA886F-7022-E231-A5D2-8BDF0FBB44D6}.Release|Any CPU.Build.0 = Release|Any CPU
	EndGlobalSection
	GlobalSection(SolutionProperties) = preSolution
		HideSolutionNode = FALSE
	EndGlobalSection
	GlobalSection(ExtensibilityGlobals) = postSolution
		SolutionGuid = {2EE36F03-9C68-45EB-BD52-7E15DEFEF694}
	EndGlobalSection
EndGlobal
